
Microsoft Visual Studio Solution File, Format Version 12.00
# Visual Studio Version 16
VisualStudioVersion = 16.0.30011.22
MinimumVisualStudioVersion = 10.0.40219.1
Project("{888888A0-9F3D-457C-B088-3A5042F75D52}") = "PiSecurityCamera", "PiSecurityCamera.pyproj", "{60B20CC5-61FB-4BF8-AF76-562E290AC52F}"
EndProject
Global
	GlobalSection(SolutionConfigurationPlatforms) = preSolution
		Debug|Any CPU = Debug|Any CPU
		Release|Any CPU = Release|Any CPU
	EndGlobalSection
	GlobalSection(ProjectConfigurationPlatforms) = postSolution
		{60B20CC5-61FB-4BF8-AF76-562E290AC52F}.Debug|Any CPU.ActiveCfg = Debug|Any CPU
		{60B20CC5-61FB-4BF8-AF76-562E290AC52F}.Release|Any CPU.ActiveCfg = Release|Any CPU
	EndGlobalSection
	GlobalSection(SolutionProperties) = preSolution
		HideSolutionNode = FALSE
	EndGlobalSection
	GlobalSection(ExtensibilityGlobals) = postSolution
		SolutionGuid = {C8F2C367-0CC5-430D-8B20-DCCBCC0AA1EA}
	EndGlobalSection
EndGlobal
